
Microsoft Visual Studio Solution File, Format Version 12.00
# Visual Studio 14
VisualStudioVersion = 14.0.25123.0
MinimumVisualStudioVersion = 10.0.40219.1
Project("{2150E333-8FDC-42A3-9474-1A3956D46DE8}") = "src", "src", "{1C1815C3-1C74-47B3-9396-F5EA68489755}"
EndProject
Project("{2150E333-8FDC-42A3-9474-1A3956D46DE8}") = "Solution Items", "Solution Items", "{BA8EF494-EEB5-49BD-8FD5-A866478E695F}"
	ProjectSection(SolutionItems) = preProject
		global.json = global.json
		README.md = README.md
	EndProjectSection
EndProject
Project("{8BB2217D-0F2D-49D1-97BC-3654ED321F3B}") = "CoreBrowser", "src\CoreBrowser\CoreBrowser.xproj", "{2E112AE2-B716-4EE1-B221-2B82124FA3B5}"
EndProject
Project("{8BB2217D-0F2D-49D1-97BC-3654ED321F3B}") = "CoreBrowser.Tests", "tests\CoreBrowser.Tests\CoreBrowser.Tests.xproj", "{4DB043BD-6533-4FAA-ABF3-9663895255FC}"
EndProject
Project("{2150E333-8FDC-42A3-9474-1A3956D46DE8}") = "tests", "tests", "{C915D28A-AF22-4944-9B4C-85A2047515B1}"
EndProject
Global
	GlobalSection(SolutionConfigurationPlatforms) = preSolution
		Debug|Any CPU = Debug|Any CPU
		Release|Any CPU = Release|Any CPU
	EndGlobalSection
	GlobalSection(ProjectConfigurationPlatforms) = postSolution
		{2E112AE2-B716-4EE1-B221-2B82124FA3B5}.Debug|Any CPU.ActiveCfg = Debug|Any CPU
		{2E112AE2-B716-4EE1-B221-2B82124FA3B5}.Debug|Any CPU.Build.0 = Debug|Any CPU
		{2E112AE2-B716-4EE1-B221-2B82124FA3B5}.Release|Any CPU.ActiveCfg = Release|Any CPU
		{2E112AE2-B716-4EE1-B221-2B82124FA3B5}.Release|Any CPU.Build.0 = Release|Any CPU
		{4DB043BD-6533-4FAA-ABF3-9663895255FC}.Debug|Any CPU.ActiveCfg = Debug|Any CPU
		{4DB043BD-6533-4FAA-ABF3-9663895255FC}.Debug|Any CPU.Build.0 = Debug|Any CPU
		{4DB043BD-6533-4FAA-ABF3-9663895255FC}.Release|Any CPU.ActiveCfg = Release|Any CPU
		{4DB043BD-6533-4FAA-ABF3-9663895255FC}.Release|Any CPU.Build.0 = Release|Any CPU
	EndGlobalSection
	GlobalSection(SolutionProperties) = preSolution
		HideSolutionNode = FALSE
	EndGlobalSection
	GlobalSection(NestedProjects) = preSolution
		{2E112AE2-B716-4EE1-B221-2B82124FA3B5} = {1C1815C3-1C74-47B3-9396-F5EA68489755}
		{4DB043BD-6533-4FAA-ABF3-9663895255FC} = {C915D28A-AF22-4944-9B4C-85A2047515B1}
	EndGlobalSection
EndGlobal
